[[package]]
category = "main"
description = "Check Python ASTs against templates"
name = "astcheck"
optional = false
python-versions = "*"
version = "0.2.5"

[[package]]
category = "main"
description = "Annotate AST trees with source code positions"
name = "asttokens"
optional = false
python-versions = "*"
version = "2.0.3"

[package.dependencies]
six = "*"

[package.extras]
test = ["astroid", "pytest"]

[[package]]
category = "main"
description = "A high-level Python Web framework that encourages rapid development and clean, pragmatic design."
name = "django"
optional = false
python-versions = ">=3.5"
version = "2.2.7"

[package.dependencies]
pytz = "*"
sqlparse = "*"

[package.extras]
argon2 = ["argon2-cffi (>=16.1.0)"]
bcrypt = ["bcrypt"]

[[package]]
category = "main"
description = "A helper class for handling configuration defaults of packaged apps gracefully."
name = "django-appconf"
optional = false
python-versions = "*"
version = "1.0.3"

[package.dependencies]
django = "*"
six = "*"

[[package]]
category = "main"
description = "Compresses linked and inline JavaScript or CSS into single cached files."
name = "django-compressor"
optional = false
python-versions = "*"
version = "2.3"

[package.dependencies]
django-appconf = ">=1.0"
rcssmin = "1.0.6"
rjsmin = "1.1.0"

[[package]]
category = "main"
description = "SASS processor to compile SCSS files into *.css, while rendering, or offline."
name = "django-sass-processor"
optional = false
python-versions = "*"
version = "0.7.4"

[package.extras]
dev = ["libsass (>=0.13)"]

[[package]]
category = "main"
description = "Sass for Python: A straightforward binding of libsass for Python."
name = "libsass"
optional = false
python-versions = "*"
version = "0.19.4"

[package.dependencies]
six = "*"

[[package]]
category = "main"
description = "Small personal collection of python utility functions"
name = "littleutils"
optional = false
python-versions = "*"
version = "0.2.1"

[[package]]
category = "main"
description = "Python implementation of Markdown."
name = "markdown"
optional = false
python-versions = ">=2.7,!=3.0.*,!=3.1.*,!=3.2.*,!=3.3.*,!=3.4.*"
version = "3.1.1"

[package.dependencies]
setuptools = ">=36"

[package.extras]
testing = ["coverage", "pyyaml"]

[[package]]
category = "main"
description = "World timezone definitions, modern and historical"
name = "pytz"
optional = false
python-versions = "*"
version = "2019.3"

[[package]]
category = "main"
description = "CSS Minifier"
name = "rcssmin"
optional = false
python-versions = "*"
version = "1.0.6"

[[package]]
category = "main"
description = "Javascript Minifier"
name = "rjsmin"
optional = false
python-versions = "*"
version = "1.1.0"

[[package]]
category = "main"
description = "Python 2 and 3 compatibility utilities"
name = "six"
optional = false
python-versions = ">=2.6, !=3.0.*, !=3.1.*"
version = "1.13.0"

[[package]]
category = "main"
description = "Non-validating SQL parser"
name = "sqlparse"
optional = false
python-versions = ">=2.7, !=3.0.*, !=3.1.*, !=3.2.*, !=3.3.*"
version = "0.3.0"

[metadata]
content-hash = "2e4ca4bf6e9c07d9d3a2e3f4bbecb85f255737c5fb867eae2df88e43ae2d0239"
python-versions = "^3.8"

[metadata.files]
astcheck = [
    {file = "astcheck-0.2.5-py2.py3-none-any.whl", hash = "sha256:083d3f787e42f7707f4e9b3ea8ef4e08f50753e3612b494ebcb8cda763979f07"},
    {file = "astcheck-0.2.5.tar.gz", hash = "sha256:ba9987e8dfe6c2b9ea6720ab8fbdb5aa00fdfa2908017be8a272b2a4b663397d"},
]
asttokens = [
    {file = "asttokens-2.0.3-py2.py3-none-any.whl", hash = "sha256:f58af645756597143629a4ac1fe78bc670b4429018ad741ac1f4cfd4504fc436"},
    {file = "asttokens-2.0.3.tar.gz", hash = "sha256:284831ac3e33be743ca6ac018316b66abfd8b1a49d6366ce6c7b1fd07504a21b"},
]
django = [
    {file = "Django-2.2.7-py3-none-any.whl", hash = "sha256:89c2007ca4fa5b351a51a279eccff298520783b713bf28efb89dfb81c80ea49b"},
    {file = "Django-2.2.7.tar.gz", hash = "sha256:16040e1288c6c9f68c6da2fe75ebde83c0a158f6f5d54f4c5177b0c1478c5b86"},
]
django-appconf = [
    {file = "django-appconf-1.0.3.tar.gz", hash = "sha256:35f13ca4d567f132b960e2cd4c832c2d03cb6543452d34e29b7ba10371ba80e3"},
    {file = "django_appconf-1.0.3-py2.py3-none-any.whl", hash = "sha256:c98a7af40062e996b921f5962a1c4f3f0c979fa7885f7be4710cceb90ebe13a6"},
]
django-compressor = [
    {file = "django_compressor-2.3-py2.py3-none-any.whl", hash = "sha256:da9ee5ce4fc8b9211dcecd2229520514a4ba9ac3bcdc59b48092ec4d7f6b96b0"},
    {file = "django_compressor-2.3.tar.gz", hash = "sha256:47c86347f75c64954a06afbbfc820a750619e10c23a49272b865020a407b7edd"},
]
django-sass-processor = [
    {file = "django-sass-processor-0.7.4.tar.gz", hash = "sha256:c1b56e76ce2b57382d26328ecdc204d3f65412d5da35df8a6b7bce6e7f754882"},
]
libsass = [
    {file = "libsass-0.19.4-cp27-cp27m-macosx_10_14_intel.whl", hash = "sha256:74acd9adf506142699dfa292f0e569fdccbd9e7cf619e8226f7117de73566e32"},
    {file = "libsass-0.19.4-cp27-cp27m-win32.whl", hash = "sha256:50778d4be269a021ba2bf42b5b8f6ff3704ab96a82175a052680bddf3ba7cc9f"},
    {file = "libsass-0.19.4-cp27-cp27m-win_amd64.whl", hash = "sha256:4dcfd561fb100250b89496e1362b96f2cc804f689a59731eb0f94f9a9e144f4a"},
    {file = "libsass-0.19.4-cp27-cp27mu-manylinux1_x86_64.whl", hash = "sha256:845a9573b25c141164972d498855f4ad29367c09e6d76fad12955ad0e1c83013"},
    {file = "libsass-0.19.4-cp35-cp35m-manylinux1_x86_64.whl", hash = "sha256:81a013a4c2a614927fd1ef7a386eddabbba695cbb02defe8f31cf495106e974c"},
    {file = "libsass-0.19.4-cp35-cp35m-win32.whl", hash = "sha256:fcb7ab4dc81889e5fc99cafbc2017bc76996f9992fc6b175f7a80edac61d71df"},
    {file = "libsass-0.19.4-cp35-cp35m-win_amd64.whl", hash = "sha256:fc5f8336750f76f1bfae82f7e9e89ae71438d26fc4597e3ab4c05ca8fcd41d8a"},
    {file = "libsass-0.19.4-cp36-cp36m-manylinux1_x86_64.whl", hash = "sha256:9b59afa0d755089c4165516400a39a289b796b5612eeef5736ab7a1ebf96a67c"},
    {file = "libsass-0.19.4-cp36-cp36m-win32.whl", hash = "sha256:c93df526eeef90b1ea4799c1d33b6cd5aea3e9f4633738fb95c1287c13e6b404"},
    {file = "libsass-0.19.4-cp36-cp36m-win_amd64.whl", hash = "sha256:0fd8b4337b3b101c6e6afda9112cc0dc4bacb9133b59d75d65968c7317aa3272"},
    {file = "libsass-0.19.4-cp37-cp37m-macosx_10_14_x86_64.whl", hash = "sha256:003a65b4facb4c5dbace53fb0f70f61c5aae056a04b4d112a198c3c9674b31f2"},
    {file = "libsass-0.19.4-cp37-cp37m-manylinux1_x86_64.whl", hash = "sha256:338e9ae066bf1fde874e335324d5355c52d2081d978b4f74fc59536564b35b08"},
    {file = "libsass-0.19.4-cp37-cp37m-win32.whl", hash = "sha256:e318f06f06847ff49b1f8d086ac9ebce1e63404f7ea329adab92f4f16ba0e00e"},
    {file = "libsass-0.19.4-cp37-cp37m-win_amd64.whl", hash = "sha256:a7e685466448c9b1bf98243339793978f654a1151eb5c975f09b83c7a226f4c1"},
    {file = "libsass-0.19.4-cp38-cp38-manylinux1_x86_64.whl", hash = "sha256:6a51393d75f6e3c812785b0fa0b7d67c54258c28011921f204643b55f7355ec0"},
    {file = "libsass-0.19.4.tar.gz", hash = "sha256:8b5b6d1a7c4ea1d954e0982b04474cc076286493f6af2d0a13c2e950fbe0be95"},
]
littleutils = [
    {file = "littleutils-0.2.1.tar.gz", hash = "sha256:2e22c358a80267d176cc4021c966db051e0daf6220b703a2403ea96077301bb2"},
]
markdown = [
    {file = "Markdown-3.1.1-py2.py3-none-any.whl", hash = "sha256:56a46ac655704b91e5b7e6326ce43d5ef72411376588afa1dd90e881b83c7e8c"},
    {file = "Markdown-3.1.1.tar.gz", hash = "sha256:2e50876bcdd74517e7b71f3e7a76102050edec255b3983403f1a63e7c8a41e7a"},
]
pytz = [
    {file = "pytz-2019.3-py2.py3-none-any.whl", hash = "sha256:1c557d7d0e871de1f5ccd5833f60fb2550652da6be2693c1e02300743d21500d"},
    {file = "pytz-2019.3.tar.gz", hash = "sha256:b02c06db6cf09c12dd25137e563b31700d3b80fcc4ad23abb7a315f2789819be"},
]
rcssmin = [
    {file = "rcssmin-1.0.6.tar.gz", hash = "sha256:ca87b695d3d7864157773a61263e5abb96006e9ff0e021eff90cbe0e1ba18270"},
]
rjsmin = [
    {file = "rjsmin-1.1.0-cp27-cp27m-manylinux1_i686.whl", hash = "sha256:799890bd07a048892d8d3deb9042dbc20b7f5d0eb7da91e9483c561033b23ce2"},
    {file = "rjsmin-1.1.0-cp27-cp27m-manylinux1_x86_64.whl", hash = "sha256:211c2fe8298951663bbc02acdffbf714f6793df54bfc50e1c6c9e71b3f2559a3"},
    {file = "rjsmin-1.1.0-cp27-cp27mu-manylinux1_i686.whl", hash = "sha256:585e75a84d9199b68056fd4a083d9a61e2a92dfd10ff6d4ce5bdb04bc3bdbfaf"},
    {file = "rjsmin-1.1.0-cp27-cp27mu-manylinux1_x86_64.whl", hash = "sha256:e487a7783ac4339e79ec610b98228eb9ac72178973e3dee16eba0e3feef25924"},
    {file = "rjsmin-1.1.0-cp34-cp34m-manylinux1_i686.whl", hash = "sha256:0ab825839125eaca57cc59581d72e596e58a7a56fbc0839996b7528f0343a0a8"},
    {file = "rjsmin-1.1.0-cp34-cp34m-manylinux1_x86_64.whl", hash = "sha256:6044ca86e917cd5bb2f95e6679a4192cef812122f28ee08c677513de019629b3"},
    {file = "rjsmin-1.1.0-cp35-cp35m-manylinux1_i686.whl", hash = "sha256:ecd29f1b3e66a4c0753105baec262b331bcbceefc22fbe6f7e8bcd2067bcb4d7"},
    {file = "rjsmin-1.1.0-cp35-cp35m-manylinux1_x86_64.whl", hash = "sha256:975b69754d6a76be47c0bead12367a1ca9220d08e5393f80bab0230d4625d1f4"},
    {file = "rjsmin-1.1.0-cp36-cp36m-manylinux1_i686.whl", hash = "sha256:466fe70cc5647c7c51b3260c7e2e323a98b2b173564247f9c89e977720a0645f"},
    {file = "rjsmin-1.1.0-cp36-cp36m-manylinux1_x86_64.whl", hash = "sha256:e3908b21ebb584ce74a6ac233bdb5f29485752c9d3be5e50c5484ed74169232c"},
    {file = "rjsmin-1.1.0-cp37-cp37m-manylinux1_i686.whl", hash = "sha256:714329db774a90947e0e2086cdddb80d5e8c4ac1c70c9f92436378dedb8ae345"},
    {file = "rjsmin-1.1.0-cp37-cp37m-manylinux1_x86_64.whl", hash = "sha256:dd0f4819df4243ffe4c964995794c79ca43943b5b756de84be92b445a652fb86"},
    {file = "rjsmin-1.1.0.tar.gz", hash = "sha256:b15dc75c71f65d9493a8c7fa233fdcec823e3f1b88ad84a843ffef49b338ac32"},
]
six = [
    {file = "six-1.13.0-py2.py3-none-any.whl", hash = "sha256:1f1b7d42e254082a9db6279deae68afb421ceba6158efa6131de7b3003ee93fd"},
    {file = "six-1.13.0.tar.gz", hash = "sha256:30f610279e8b2578cab6db20741130331735c781b56053c59c4076da27f06b66"},
]
sqlparse = [
    {file = "sqlparse-0.3.0-py2.py3-none-any.whl", hash = "sha256:40afe6b8d4b1117e7dff5504d7a8ce07d9a1b15aeeade8a2d10f130a834f8177"},
    {file = "sqlparse-0.3.0.tar.gz", hash = "sha256:7c3dca29c022744e95b547e867cee89f4fce4373f3549ccd8797d8eb52cdb873"},
]
